
Microsoft Visual Studio Solution File, Format Version 10.00
# Visual Studio 2008
Project("{8BC9CEB8-8B4A-11D0-8D11-00A0C91BC942}") = "Example01", "Example01\Example01.vcproj", "{96682C08-3B75-49BA-9572-CE10329916FD}"
EndProject
Global
	GlobalSection(SolutionConfigurationPlatforms) = preSolution
		Debug|Win32 = Debug|Win32
		Release|Win32 = Release|Win32
	EndGlobalSection
	GlobalSection(ProjectConfigurationPlatforms) = postSolution
		{96682C08-3B75-49BA-9572-CE10329916FD}.Debug|Win32.ActiveCfg = Debug|Win32
		{96682C08-3B75-49BA-9572-CE10329916FD}.Debug|Win32.Build.0 = Debug|Win32
		{96682C08-3B75-49BA-9572-CE10329916FD}.Release|Win32.ActiveCfg = Release|Win32
		{96682C08-3B75-49BA-9572-CE10329916FD}.Release|Win32.Build.0 = Release|Win32
	EndGlobalSection
	GlobalSection(SolutionProperties) = preSolution
		HideSolutionNode = FALSE
	EndGlobalSection
EndGlobal
