
Microsoft Visual Studio Solution File, Format Version 10.00
# Visual Studio 2008
Project("{8BC9CEB8-8B4A-11D0-8D11-00A0C91BC942}") = "Example04", "Example04\Example04.vcproj", "{8886C2F1-F697-4FE9-B9AD-6B5473D74B26}"
EndProject
Global
	GlobalSection(SolutionConfigurationPlatforms) = preSolution
		Debug|Win32 = Debug|Win32
		Release|Win32 = Release|Win32
	EndGlobalSection
	GlobalSection(ProjectConfigurationPlatforms) = postSolution
		{8886C2F1-F697-4FE9-B9AD-6B5473D74B26}.Debug|Win32.ActiveCfg = Debug|Win32
		{8886C2F1-F697-4FE9-B9AD-6B5473D74B26}.Debug|Win32.Build.0 = Debug|Win32
		{8886C2F1-F697-4FE9-B9AD-6B5473D74B26}.Release|Win32.ActiveCfg = Release|Win32
		{8886C2F1-F697-4FE9-B9AD-6B5473D74B26}.Release|Win32.Build.0 = Release|Win32
	EndGlobalSection
	GlobalSection(SolutionProperties) = preSolution
		HideSolutionNode = FALSE
	EndGlobalSection
EndGlobal
