
Microsoft Visual Studio Solution File, Format Version 10.00
# Visual Studio 2008
Project("{8BC9CEB8-8B4A-11D0-8D11-00A0C91BC942}") = "Example05", "Example05\Example05.vcproj", "{32BCA870-910C-41BC-84E1-DABFC87F2E7F}"
EndProject
Global
	GlobalSection(SolutionConfigurationPlatforms) = preSolution
		Debug|Win32 = Debug|Win32
		Release|Win32 = Release|Win32
	EndGlobalSection
	GlobalSection(ProjectConfigurationPlatforms) = postSolution
		{32BCA870-910C-41BC-84E1-DABFC87F2E7F}.Debug|Win32.ActiveCfg = Debug|Win32
		{32BCA870-910C-41BC-84E1-DABFC87F2E7F}.Debug|Win32.Build.0 = Debug|Win32
		{32BCA870-910C-41BC-84E1-DABFC87F2E7F}.Release|Win32.ActiveCfg = Release|Win32
		{32BCA870-910C-41BC-84E1-DABFC87F2E7F}.Release|Win32.Build.0 = Release|Win32
	EndGlobalSection
	GlobalSection(SolutionProperties) = preSolution
		HideSolutionNode = FALSE
	EndGlobalSection
EndGlobal
